
Microsoft Visual Studio Solution File, Format Version 12.00
# Visual Studio Version 17
VisualStudioVersion = 17.13.35825.156 d17.13
MinimumVisualStudioVersion = 10.0.40219.1
Project("{FAE04EC0-301F-11D3-BF4B-00C04F79EFBC}") = "VoiceAssistant", "VoiceAssistant\VoiceAssistant.csproj", "{4FB90094-71C3-4B1C-B639-A54A41734175}"
EndProject
Global
	GlobalSection(SolutionConfigurationPlatforms) = preSolution
		Debug|Any CPU = Debug|Any CPU
		Release|Any CPU = Release|Any CPU
	EndGlobalSection
	GlobalSection(ProjectConfigurationPlatforms) = postSolution
		{4FB90094-71C3-4B1C-B639-A54A41734175}.Debug|Any CPU.ActiveCfg = Debug|Any CPU
		{4FB90094-71C3-4B1C-B639-A54A41734175}.Debug|Any CPU.Build.0 = Debug|Any CPU
		{4FB90094-71C3-4B1C-B639-A54A41734175}.Release|Any CPU.ActiveCfg = Release|Any CPU
		{4FB90094-71C3-4B1C-B639-A54A41734175}.Release|Any CPU.Build.0 = Release|Any CPU
	EndGlobalSection
	GlobalSection(SolutionProperties) = preSolution
		HideSolutionNode = FALSE
	EndGlobalSection
	GlobalSection(ExtensibilityGlobals) = postSolution
		SolutionGuid = {2FF992C1-E37B-4196-A7BB-A1412D5074B1}
	EndGlobalSection
EndGlobal
